
Microsoft Visual Studio Solution File, Format Version 12.00
# Visual Studio Version 17
VisualStudioVersion = 17.11.35222.181
MinimumVisualStudioVersion = 10.0.40219.1
Project("{9A19103F-16F7-4668-BE54-9A1E7A4F7556}") = "TestemUp", "TestemUp\TestemUp.csproj", "{F573E6EC-BDF4-412A-BF5A-D867E4137E23}"
EndProject
Project("{FAE04EC0-301F-11D3-BF4B-00C04F79EFBC}") = "TestEmUp.UnitTests", "TestEmUp.UnitTests\TestEmUp.UnitTests.csproj", "{D5703021-4F56-4182-8063-4B5B5C91CF62}"
EndProject
Global
	GlobalSection(SolutionConfigurationPlatforms) = preSolution
		Debug|Any CPU = Debug|Any CPU
		Release|Any CPU = Release|Any CPU
	EndGlobalSection
	GlobalSection(ProjectConfigurationPlatforms) = postSolution
		{F573E6EC-BDF4-412A-BF5A-D867E4137E23}.Debug|Any CPU.ActiveCfg = Debug|Any CPU
		{F573E6EC-BDF4-412A-BF5A-D867E4137E23}.Debug|Any CPU.Build.0 = Debug|Any CPU
		{F573E6EC-BDF4-412A-BF5A-D867E4137E23}.Release|Any CPU.ActiveCfg = Release|Any CPU
		{F573E6EC-BDF4-412A-BF5A-D867E4137E23}.Release|Any CPU.Build.0 = Release|Any CPU
		{D5703021-4F56-4182-8063-4B5B5C91CF62}.Debug|Any CPU.ActiveCfg = Debug|Any CPU
		{D5703021-4F56-4182-8063-4B5B5C91CF62}.Debug|Any CPU.Build.0 = Debug|Any CPU
		{D5703021-4F56-4182-8063-4B5B5C91CF62}.Release|Any CPU.ActiveCfg = Release|Any CPU
		{D5703021-4F56-4182-8063-4B5B5C91CF62}.Release|Any CPU.Build.0 = Release|Any CPU
	EndGlobalSection
	GlobalSection(SolutionProperties) = preSolution
		HideSolutionNode = FALSE
	EndGlobalSection
	GlobalSection(ExtensibilityGlobals) = postSolution
		SolutionGuid = {4CBC7D6B-61DE-4C18-9392-335EC85B0D11}
	EndGlobalSection
EndGlobal
